
Microsoft Visual Studio Solution File, Format Version 12.00
# Visual Studio Version 17
VisualStudioVersion = 17.1.32210.238
MinimumVisualStudioVersion = 10.0.40219.1
Project("{FAE04EC0-301F-11D3-BF4B-00C04F79EFBC}") = "Convertidor.UWP", "Convertidor.UWP\Convertidor.UWP.csproj", "{E2EC17E2-F7B9-4756-85ED-D7F72DE5CEE4}"
EndProject
Project("{FAE04EC0-301F-11D3-BF4B-00C04F79EFBC}") = "Convertidor.Android", "Convertidor.Android\Convertidor.Android.csproj", "{A087FC5D-414C-43CB-A9B4-412F8A190202}"
EndProject
Project("{FAE04EC0-301F-11D3-BF4B-00C04F79EFBC}") = "Convertidor.iOS", "Convertidor.iOS\Convertidor.iOS.csproj", "{79D12B09-2383-47A9-AFF2-9E203F23D8DE}"
EndProject
Project("{FAE04EC0-301F-11D3-BF4B-00C04F79EFBC}") = "Convertidor", "Convertidor\Convertidor.csproj", "{9CC68065-4069-43C0-A1B1-46F06CE1D741}"
EndProject
Global
	GlobalSection(SolutionConfigurationPlatforms) = preSolution
		Debug|Any CPU = Debug|Any CPU
		Debug|ARM = Debug|ARM
		Debug|iPhone = Debug|iPhone
		Debug|iPhoneSimulator = Debug|iPhoneSimulator
		Debug|x64 = Debug|x64
		Debug|x86 = Debug|x86
		Release|Any CPU = Release|Any CPU
		Release|ARM = Release|ARM
		Release|iPhone = Release|iPhone
		Release|iPhoneSimulator = Release|iPhoneSimulator
		Release|x64 = Release|x64
		Release|x86 = Release|x86
	EndGlobalSection
	GlobalSection(ProjectConfigurationPlatforms) = postSolution
		{E2EC17E2-F7B9-4756-85ED-D7F72DE5CEE4}.Debug|Any CPU.ActiveCfg = Debug|x64
		{E2EC17E2-F7B9-4756-85ED-D7F72DE5CEE4}.Debug|Any CPU.Build.0 = Debug|x64
		{E2EC17E2-F7B9-4756-85ED-D7F72DE5CEE4}.Debug|Any CPU.Deploy.0 = Debug|x64
		{E2EC17E2-F7B9-4756-85ED-D7F72DE5CEE4}.Debug|ARM.ActiveCfg = Debug|ARM
		{E2EC17E2-F7B9-4756-85ED-D7F72DE5CEE4}.Debug|ARM.Build.0 = Debug|ARM
		{E2EC17E2-F7B9-4756-85ED-D7F72DE5CEE4}.Debug|ARM.Deploy.0 = Debug|ARM
		{E2EC17E2-F7B9-4756-85ED-D7F72DE5CEE4}.Debug|iPhone.ActiveCfg = Debug|x64
		{E2EC17E2-F7B9-4756-85ED-D7F72DE5CEE4}.Debug|iPhone.Build.0 = Debug|x64
		{E2EC17E2-F7B9-4756-85ED-D7F72DE5CEE4}.Debug|iPhone.Deploy.0 = Debug|x64
		{E2EC17E2-F7B9-4756-85ED-D7F72DE5CEE4}.Debug|iPhoneSimulator.ActiveCfg = Debug|x64
		{E2EC17E2-F7B9-4756-85ED-D7F72DE5CEE4}.Debug|iPhoneSimulator.Build.0 = Debug|x64
		{E2EC17E2-F7B9-4756-85ED-D7F72DE5CEE4}.Debug|iPhoneSimulator.Deploy.0 = Debug|x64
		{E2EC17E2-F7B9-4756-85ED-D7F72DE5CEE4}.Debug|x64.ActiveCfg = Debug|x64
		{E2EC17E2-F7B9-4756-85ED-D7F72DE5CEE4}.Debug|x64.Build.0 = Debug|x64
		{E2EC17E2-F7B9-4756-85ED-D7F72DE5CEE4}.Debug|x64.Deploy.0 = Debug|x64
		{E2EC17E2-F7B9-4756-85ED-D7F72DE5CEE4}.Debug|x86.ActiveCfg = Debug|x86
		{E2EC17E2-F7B9-4756-85ED-D7F72DE5CEE4}.Debug|x86.Build.0 = Debug|x86
		{E2EC17E2-F7B9-4756-85ED-D7F72DE5CEE4}.Debug|x86.Deploy.0 = Debug|x86
		{E2EC17E2-F7B9-4756-85ED-D7F72DE5CEE4}.Release|Any CPU.ActiveCfg = Release|x64
		{E2EC17E2-F7B9-4756-85ED-D7F72DE5CEE4}.Release|Any CPU.Build.0 = Release|x64
		{E2EC17E2-F7B9-4756-85ED-D7F72DE5CEE4}.Release|Any CPU.Deploy.0 = Release|x64
		{E2EC17E2-F7B9-4756-85ED-D7F72DE5CEE4}.Release|ARM.ActiveCfg = Release|ARM
		{E2EC17E2-F7B9-4756-85ED-D7F72DE5CEE4}.Release|ARM.Build.0 = Release|ARM
		{E2EC17E2-F7B9-4756-85ED-D7F72DE5CEE4}.Release|ARM.Deploy.0 = Release|ARM
		{E2EC17E2-F7B9-4756-85ED-D7F72DE5CEE4}.Release|iPhone.ActiveCfg = Release|x64
		{E2EC17E2-F7B9-4756-85ED-D7F72DE5CEE4}.Release|iPhone.Build.0 = Release|x64
		{E2EC17E2-F7B9-4756-85ED-D7F72DE5CEE4}.Release|iPhone.Deploy.0 = Release|x64
		{E2EC17E2-F7B9-4756-85ED-D7F72DE5CEE4}.Release|iPhoneSimulator.ActiveCfg = Release|x64
		{E2EC17E2-F7B9-4756-85ED-D7F72DE5CEE4}.Release|iPhoneSimulator.Build.0 = Release|x64
		{E2EC17E2-F7B9-4756-85ED-D7F72DE5CEE4}.Release|iPhoneSimulator.Deploy.0 = Release|x64
		{E2EC17E2-F7B9-4756-85ED-D7F72DE5CEE4}.Release|x64.ActiveCfg = Release|x64
		{E2EC17E2-F7B9-4756-85ED-D7F72DE5CEE4}.Release|x64.Build.0 = Release|x64
		{E2EC17E2-F7B9-4756-85ED-D7F72DE5CEE4}.Release|x64.Deploy.0 = Release|x64
		{E2EC17E2-F7B9-4756-85ED-D7F72DE5CEE4}.Release|x86.ActiveCfg = Release|x86
		{E2EC17E2-F7B9-4756-85ED-D7F72DE5CEE4}.Release|x86.Build.0 = Release|x86
		{E2EC17E2-F7B9-4756-85ED-D7F72DE5CEE4}.Release|x86.Deploy.0 = Release|x86
		{A087FC5D-414C-43CB-A9B4-412F8A190202}.Debug|Any CPU.ActiveCfg = Debug|Any CPU
		{A087FC5D-414C-43CB-A9B4-412F8A190202}.Debug|Any CPU.Build.0 = Debug|Any CPU
		{A087FC5D-414C-43CB-A9B4-412F8A190202}.Debug|Any CPU.Deploy.0 = Debug|Any CPU
		{A087FC5D-414C-43CB-A9B4-412F8A190202}.Debug|ARM.ActiveCfg = Debug|Any CPU
		{A087FC5D-414C-43CB-A9B4-412F8A190202}.Debug|ARM.Build.0 = Debug|Any CPU
		{A087FC5D-414C-43CB-A9B4-412F8A190202}.Debug|ARM.Deploy.0 = Debug|Any CPU
		{A087FC5D-414C-43CB-A9B4-412F8A190202}.Debug|iPhone.ActiveCfg = Debug|Any CPU
		{A087FC5D-414C-43CB-A9B4-412F8A190202}.Debug|iPhone.Build.0 = Debug|Any CPU
		{A087FC5D-414C-43CB-A9B4-412F8A190202}.Debug|iPhone.Deploy.0 = Debug|Any CPU
		{A087FC5D-414C-43CB-A9B4-412F8A190202}.Debug|iPhoneSimulator.ActiveCfg = Debug|Any CPU
		{A087FC5D-414C-43CB-A9B4-412F8A190202}.Debug|iPhoneSimulator.Build.0 = Debug|Any CPU
		{A087FC5D-414C-43CB-A9B4-412F8A190202}.Debug|iPhoneSimulator.Deploy.0 = Debug|Any CPU
		{A087FC5D-414C-43CB-A9B4-412F8A190202}.Debug|x64.ActiveCfg = Debug|Any CPU
		{A087FC5D-414C-43CB-A9B4-412F8A190202}.Debug|x64.Build.0 = Debug|Any CPU
		{A087FC5D-414C-43CB-A9B4-412F8A190202}.Debug|x64.Deploy.0 = Debug|Any CPU
		{A087FC5D-414C-43CB-A9B4-412F8A190202}.Debug|x86.ActiveCfg = Debug|Any CPU
		{A087FC5D-414C-43CB-A9B4-412F8A190202}.Debug|x86.Build.0 = Debug|Any CPU
		{A087FC5D-414C-43CB-A9B4-412F8A190202}.Debug|x86.Deploy.0 = Debug|Any CPU
		{A087FC5D-414C-43CB-A9B4-412F8A190202}.Release|Any CPU.ActiveCfg = Release|Any CPU
		{A087FC5D-414C-43CB-A9B4-412F8A190202}.Release|Any CPU.Build.0 = Release|Any CPU
		{A087FC5D-414C-43CB-A9B4-412F8A190202}.Release|Any CPU.Deploy.0 = Release|Any CPU
		{A087FC5D-414C-43CB-A9B4-412F8A190202}.Release|ARM.ActiveCfg = Release|Any CPU
		{A087FC5D-414C-43CB-A9B4-412F8A190202}.Release|ARM.Build.0 = Release|Any CPU
		{A087FC5D-414C-43CB-A9B4-412F8A190202}.Release|ARM.Deploy.0 = Release|Any CPU
		{A087FC5D-414C-43CB-A9B4-412F8A190202}.Release|iPhone.ActiveCfg = Release|Any CPU
		{A087FC5D-414C-43CB-A9B4-412F8A190202}.Release|iPhone.Build.0 = Release|Any CPU
		{A087FC5D-414C-43CB-A9B4-412F8A190202}.Release|iPhone.Deploy.0 = Release|Any CPU
		{A087FC5D-414C-43CB-A9B4-412F8A190202}.Release|iPhoneSimulator.ActiveCfg = Release|Any CPU
		{A087FC5D-414C-43CB-A9B4-412F8A190202}.Release|iPhoneSimulator.Build.0 = Release|Any CPU
		{A087FC5D-414C-43CB-A9B4-412F8A190202}.Release|iPhoneSimulator.Deploy.0 = Release|Any CPU
		{A087FC5D-414C-43CB-A9B4-412F8A190202}.Release|x64.ActiveCfg = Release|Any CPU
		{A087FC5D-414C-43CB-A9B4-412F8A190202}.Release|x64.Build.0 = Release|Any CPU
		{A087FC5D-414C-43CB-A9B4-412F8A190202}.Release|x64.Deploy.0 = Release|Any CPU
		{A087FC5D-414C-43CB-A9B4-412F8A190202}.Release|x86.ActiveCfg = Release|Any CPU
		{A087FC5D-414C-43CB-A9B4-412F8A190202}.Release|x86.Build.0 = Release|Any CPU
		{A087FC5D-414C-43CB-A9B4-412F8A190202}.Release|x86.Deploy.0 = Release|Any CPU
		{79D12B09-2383-47A9-AFF2-9E203F23D8DE}.Debug|Any CPU.ActiveCfg = Debug|iPhoneSimulator
		{79D12B09-2383-47A9-AFF2-9E203F23D8DE}.Debug|Any CPU.Build.0 = Debug|iPhoneSimulator
		{79D12B09-2383-47A9-AFF2-9E203F23D8DE}.Debug|Any CPU.Deploy.0 = Debug|iPhoneSimulator
		{79D12B09-2383-47A9-AFF2-9E203F23D8DE}.Debug|ARM.ActiveCfg = Debug|iPhoneSimulator
		{79D12B09-2383-47A9-AFF2-9E203F23D8DE}.Debug|ARM.Build.0 = Debug|iPhoneSimulator
		{79D12B09-2383-47A9-AFF2-9E203F23D8DE}.Debug|ARM.Deploy.0 = Debug|iPhoneSimulator
		{79D12B09-2383-47A9-AFF2-9E203F23D8DE}.Debug|iPhone.ActiveCfg = Debug|iPhone
		{79D12B09-2383-47A9-AFF2-9E203F23D8DE}.Debug|iPhone.Build.0 = Debug|iPhone
		{79D12B09-2383-47A9-AFF2-9E203F23D8DE}.Debug|iPhone.Deploy.0 = Debug|iPhone
		{79D12B09-2383-47A9-AFF2-9E203F23D8DE}.Debug|iPhoneSimulator.ActiveCfg = Debug|iPhoneSimulator
		{79D12B09-2383-47A9-AFF2-9E203F23D8DE}.Debug|iPhoneSimulator.Build.0 = Debug|iPhoneSimulator
		{79D12B09-2383-47A9-AFF2-9E203F23D8DE}.Debug|iPhoneSimulator.Deploy.0 = Debug|iPhoneSimulator
		{79D12B09-2383-47A9-AFF2-9E203F23D8DE}.Debug|x64.ActiveCfg = Debug|iPhone
		{79D12B09-2383-47A9-AFF2-9E203F23D8DE}.Debug|x64.Build.0 = Debug|iPhone
		{79D12B09-2383-47A9-AFF2-9E203F23D8DE}.Debug|x64.Deploy.0 = Debug|iPhone
		{79D12B09-2383-47A9-AFF2-9E203F23D8DE}.Debug|x86.ActiveCfg = Debug|iPhoneSimulator
		{79D12B09-2383-47A9-AFF2-9E203F23D8DE}.Debug|x86.Build.0 = Debug|iPhoneSimulator
		{79D12B09-2383-47A9-AFF2-9E203F23D8DE}.Debug|x86.Deploy.0 = Debug|iPhoneSimulator
		{79D12B09-2383-47A9-AFF2-9E203F23D8DE}.Release|Any CPU.ActiveCfg = Release|iPhoneSimulator
		{79D12B09-2383-47A9-AFF2-9E203F23D8DE}.Release|Any CPU.Build.0 = Release|iPhoneSimulator
		{79D12B09-2383-47A9-AFF2-9E203F23D8DE}.Release|Any CPU.Deploy.0 = Release|iPhoneSimulator
		{79D12B09-2383-47A9-AFF2-9E203F23D8DE}.Release|ARM.ActiveCfg = Release|iPhoneSimulator
		{79D12B09-2383-47A9-AFF2-9E203F23D8DE}.Release|ARM.Build.0 = Release|iPhoneSimulator
		{79D12B09-2383-47A9-AFF2-9E203F23D8DE}.Release|ARM.Deploy.0 = Release|iPhoneSimulator
		{79D12B09-2383-47A9-AFF2-9E203F23D8DE}.Release|iPhone.ActiveCfg = Release|iPhone
		{79D12B09-2383-47A9-AFF2-9E203F23D8DE}.Release|iPhone.Build.0 = Release|iPhone
		{79D12B09-2383-47A9-AFF2-9E203F23D8DE}.Release|iPhone.Deploy.0 = Release|iPhone
		{79D12B09-2383-47A9-AFF2-9E203F23D8DE}.Release|iPhoneSimulator.ActiveCfg = Release|iPhoneSimulator
		{79D12B09-2383-47A9-AFF2-9E203F23D8DE}.Release|iPhoneSimulator.Build.0 = Release|iPhoneSimulator
		{79D12B09-2383-47A9-AFF2-9E203F23D8DE}.Release|iPhoneSimulator.Deploy.0 = Release|iPhoneSimulator
		{79D12B09-2383-47A9-AFF2-9E203F23D8DE}.Release|x64.ActiveCfg = Release|iPhoneSimulator
		{79D12B09-2383-47A9-AFF2-9E203F23D8DE}.Release|x64.Build.0 = Release|iPhoneSimulator
		{79D12B09-2383-47A9-AFF2-9E203F23D8DE}.Release|x64.Deploy.0 = Release|iPhoneSimulator
		{79D12B09-2383-47A9-AFF2-9E203F23D8DE}.Release|x86.ActiveCfg = Release|iPhoneSimulator
		{79D12B09-2383-47A9-AFF2-9E203F23D8DE}.Release|x86.Build.0 = Release|iPhoneSimulator
		{79D12B09-2383-47A9-AFF2-9E203F23D8DE}.Release|x86.Deploy.0 = Release|iPhoneSimulator
		{9CC68065-4069-43C0-A1B1-46F06CE1D741}.Debug|Any CPU.ActiveCfg = Debug|Any CPU
		{9CC68065-4069-43C0-A1B1-46F06CE1D741}.Debug|Any CPU.Build.0 = Debug|Any CPU
		{9CC68065-4069-43C0-A1B1-46F06CE1D741}.Debug|Any CPU.Deploy.0 = Debug|Any CPU
		{9CC68065-4069-43C0-A1B1-46F06CE1D741}.Debug|ARM.ActiveCfg = Debug|Any CPU
		{9CC68065-4069-43C0-A1B1-46F06CE1D741}.Debug|ARM.Build.0 = Debug|Any CPU
		{9CC68065-4069-43C0-A1B1-46F06CE1D741}.Debug|ARM.Deploy.0 = Debug|Any CPU
		{9CC68065-4069-43C0-A1B1-46F06CE1D741}.Debug|iPhone.ActiveCfg = Debug|Any CPU
		{9CC68065-4069-43C0-A1B1-46F06CE1D741}.Debug|iPhone.Build.0 = Debug|Any CPU
		{9CC68065-4069-43C0-A1B1-46F06CE1D741}.Debug|iPhone.Deploy.0 = Debug|Any CPU
		{9CC68065-4069-43C0-A1B1-46F06CE1D741}.Debug|iPhoneSimulator.ActiveCfg = Debug|Any CPU
		{9CC68065-4069-43C0-A1B1-46F06CE1D741}.Debug|iPhoneSimulator.Build.0 = Debug|Any CPU
		{9CC68065-4069-43C0-A1B1-46F06CE1D741}.Debug|iPhoneSimulator.Deploy.0 = Debug|Any CPU
		{9CC68065-4069-43C0-A1B1-46F06CE1D741}.Debug|x64.ActiveCfg = Debug|Any CPU
		{9CC68065-4069-43C0-A1B1-46F06CE1D741}.Debug|x64.Build.0 = Debug|Any CPU
		{9CC68065-4069-43C0-A1B1-46F06CE1D741}.Debug|x64.Deploy.0 = Debug|Any CPU
		{9CC68065-4069-43C0-A1B1-46F06CE1D741}.Debug|x86.ActiveCfg = Debug|Any CPU
		{9CC68065-4069-43C0-A1B1-46F06CE1D741}.Debug|x86.Build.0 = Debug|Any CPU
		{9CC68065-4069-43C0-A1B1-46F06CE1D741}.Debug|x86.Deploy.0 = Debug|Any CPU
		{9CC68065-4069-43C0-A1B1-46F06CE1D741}.Release|Any CPU.ActiveCfg = Release|Any CPU
		{9CC68065-4069-43C0-A1B1-46F06CE1D741}.Release|Any CPU.Build.0 = Release|Any CPU
		{9CC68065-4069-43C0-A1B1-46F06CE1D741}.Release|Any CPU.Deploy.0 = Release|Any CPU
		{9CC68065-4069-43C0-A1B1-46F06CE1D741}.Release|ARM.ActiveCfg = Release|Any CPU
		{9CC68065-4069-43C0-A1B1-46F06CE1D741}.Release|ARM.Build.0 = Release|Any CPU
		{9CC68065-4069-43C0-A1B1-46F06CE1D741}.Release|ARM.Deploy.0 = Release|Any CPU
		{9CC68065-4069-43C0-A1B1-46F06CE1D741}.Release|iPhone.ActiveCfg = Release|Any CPU
		{9CC68065-4069-43C0-A1B1-46F06CE1D741}.Release|iPhone.Build.0 = Release|Any CPU
		{9CC68065-4069-43C0-A1B1-46F06CE1D741}.Release|iPhone.Deploy.0 = Release|Any CPU
		{9CC68065-4069-43C0-A1B1-46F06CE1D741}.Release|iPhoneSimulator.ActiveCfg = Release|Any CPU
		{9CC68065-4069-43C0-A1B1-46F06CE1D741}.Release|iPhoneSimulator.Build.0 = Release|Any CPU
		{9CC68065-4069-43C0-A1B1-46F06CE1D741}.Release|iPhoneSimulator.Deploy.0 = Release|Any CPU
		{9CC68065-4069-43C0-A1B1-46F06CE1D741}.Release|x64.ActiveCfg = Release|Any CPU
		{9CC68065-4069-43C0-A1B1-46F06CE1D741}.Release|x64.Build.0 = Release|Any CPU
		{9CC68065-4069-43C0-A1B1-46F06CE1D741}.Release|x64.Deploy.0 = Release|Any CPU
		{9CC68065-4069-43C0-A1B1-46F06CE1D741}.Release|x86.ActiveCfg = Release|Any CPU
		{9CC68065-4069-43C0-A1B1-46F06CE1D741}.Release|x86.Build.0 = Release|Any CPU
		{9CC68065-4069-43C0-A1B1-46F06CE1D741}.Release|x86.Deploy.0 = Release|Any CPU
	EndGlobalSection
	GlobalSection(SolutionProperties) = preSolution
		HideSolutionNode = FALSE
	EndGlobalSection
	GlobalSection(ExtensibilityGlobals) = postSolution
		SolutionGuid = {BBE2D6C2-A442-4208-A8EB-EEB440355252}
	EndGlobalSection
EndGlobal
